github.com/susanDao/MyMod/add v0.0.0-20200307123215-57f90d0240f1 h1:d7YCj+5TGiR5BaMYD/fWO4q9ZjdBqbW8sIuGjxiezio=
github.com/susanDao/MyMod/add v0.0.0-20200307123215-57f90d0240f1/go.mod h1:S5ipkK/tUIu53kYWsd3xw+BUadZG6OXDOF0M00kFcDI=
github.com/susanDao/MyMod/add v1.0.0-20200307123215-57f90d0240f1 h1:OhjbmIQXNLRpkyvNeP+G0PgixrOQLL/JsdiIh12ZSi4=
github.com/susanDao/MyMod/add v1.0.0-20200307123215-57f90d0240f1/go.mod h1:S5ipkK/tUIu53kYWsd3xw+BUadZG6OXDOF0M00kFcDI=
